<?xml version="1.0" encoding="UTF-8"?>
<Scheme
   version = "1.3">
   <BuildAction>
      <BuildActionEntries>
         <BuildActionEntry
            buildForRunning = "YES">
            <BuildableReference
               BuildableIdentifier = "primary"
               BlueprintIdentifier = "6C5AC0E8DC9C77F9BEB30A12"
               BuildableName = "BumpBuildVersion"
               BlueprintName = "BumpBuildVersion"
               ReferencedContainer = "container:BumpBuildVersion.xcodeproj">
            </BuildableReference>
         </BuildActionEntry>
      </BuildActionEntries>
   </BuildAction>
   <LaunchAction
      useCustomWorkingDirectory = "NO"
      buildConfiguration = "Debug">
      <BuildableProductRunnable>
         <BuildableReference
            BuildableIdentifier = "primary"
            BlueprintIdentifier = "6C5AC0E8DC9C77F9BEB30A12"
            BuildableName = "BumpBuildVersion"
            BlueprintName = "BumpBuildVersion"
            ReferencedContainer = "container:BumpBuildVersion.xcodeproj">
         </BuildableReference>
      </BuildableProductRunnable>
   </LaunchAction>
</Scheme>
